// !$*UTF8*$!
{
	archiveVersion = 1;
	classes = {
	};
	objectVersion = 46;
	objects = {

/* Begin PBXBuildFile section */
		6D9424D06D124BEBAF7CC97F /* libPods.a in Frameworks */ = {isa = PBXBuildFile; fileRef = 8A4AAD2E7C414C0FBBA8288D /* libPods.a */; };
		800C0BDF19BDE7BE00A4FBB0 /* URLPreferenceViewModel.swift in Sources */ = {isa = PBXBuildFile; fileRef = 800C0BDE19BDE7BD00A4FBB0 /* URLPreferenceViewModel.swift */; };
		800C0BE119BDEFB500A4FBB0 /* FetchedResultsChange.swift in Sources */ = {isa = PBXBuildFile; fileRef = 800C0BE019BDEFB500A4FBB0 /* FetchedResultsChange.swift */; };
		800E8B881A7A79A500CB1D6D /* Settings.bundle in Resources */ = {isa = PBXBuildFile; fileRef = 800E8B871A7A79A500CB1D6D /* Settings.bundle */; };
		8010176419B9E28400AE3A0D /* BufferedWebViewModel.swift in Sources */ = {isa = PBXBuildFile; fileRef = 8010176319B9E28400AE3A0D /* BufferedWebViewModel.swift */; };
		801A6B031A8B86C0006F4B7D /* right-arrow.png in Resources */ = {isa = PBXBuildFile; fileRef = 801A6B001A8B86C0006F4B7D /* right-arrow.png */; };
		801A6B041A8B86C0006F4B7D /* right-arrow@2x.png in Resources */ = {isa = PBXBuildFile; fileRef = 801A6B011A8B86C0006F4B7D /* right-arrow@2x.png */; };
		801A6B051A8B86C0006F4B7D /* right-arrow@3x.png in Resources */ = {isa = PBXBuildFile; fileRef = 801A6B021A8B86C0006F4B7D /* right-arrow@3x.png */; };
		801A6B091A8B87F5006F4B7D /* preference.png in Resources */ = {isa = PBXBuildFile; fileRef = 801A6B061A8B87F5006F4B7D /* preference.png */; };
		801A6B0A1A8B87F5006F4B7D /* preference@2x.png in Resources */ = {isa = PBXBuildFile; fileRef = 801A6B071A8B87F5006F4B7D /* preference@2x.png */; };
		801A6B0B1A8B87F5006F4B7D /* preference@3x.png in Resources */ = {isa = PBXBuildFile; fileRef = 801A6B081A8B87F5006F4B7D /* preference@3x.png */; };
		8023A05219D47A8A009254EF /* ActionRequestHandler.swift in Sources */ = {isa = PBXBuildFile; fileRef = 8023A05119D47A8A009254EF /* ActionRequestHandler.swift */; };
		8023A05719D47A8A009254EF /* AddToClingActionExtension.appex in Embed App Extensions */ = {isa = PBXBuildFile; fileRef = 8023A04D19D47A8A009254EF /* AddToClingActionExtension.appex */; settings = {ATTRIBUTES = (RemoveHeadersOnCopy, ); }; };
		802CAA4519D0FA610016F5B6 /* fontawesome-webfont.ttf in Resources */ = {isa = PBXBuildFile; fileRef = 8047CFFA19CC6A5D00E4AA3F /* fontawesome-webfont.ttf */; };
		803524221984FC9400F677F7 /* QuartzCore.framework in Frameworks */ = {isa = PBXBuildFile; fileRef = 803524211984FC9400F677F7 /* QuartzCore.framework */; };
		803A694619D746DA006C3699 /* Images.xcassets in Resources */ = {isa = PBXBuildFile; fileRef = 803A694519D746DA006C3699 /* Images.xcassets */; };
		8047CFEC19C1DDEE00E4AA3F /* URLEditViewController.swift in Sources */ = {isa = PBXBuildFile; fileRef = 8047CFEB19C1DDEE00E4AA3F /* URLEditViewController.swift */; };
		8047CFF119C20EF500E4AA3F /* Page.m in Sources */ = {isa = PBXBuildFile; fileRef = 8047CFF019C20EF500E4AA3F /* Page.m */; };
		8047CFF319C20F4C00E4AA3F /* PageWrapper.swift in Sources */ = {isa = PBXBuildFile; fileRef = 8047CFF219C20F4C00E4AA3F /* PageWrapper.swift */; };
		805FB83719CDBFC300621E93 /* Localizable.strings in Resources */ = {isa = PBXBuildFile; fileRef = 805FB83919CDBFC300621E93 /* Localizable.strings */; };
		806EA20919C65E8800264ADB /* URLPreferenceViewController.swift in Sources */ = {isa = PBXBuildFile; fileRef = 806EA20819C65E8700264ADB /* URLPreferenceViewController.swift */; };
		806EA20B19C6688A00264ADB /* IntervalPreferenceViewController.swift in Sources */ = {isa = PBXBuildFile; fileRef = 806EA20A19C6688A00264ADB /* IntervalPreferenceViewController.swift */; };
		806EA20D19C6C9BA00264ADB /* IntervalPreferenceViewModel.swift in Sources */ = {isa = PBXBuildFile; fileRef = 806EA20C19C6C9BA00264ADB /* IntervalPreferenceViewModel.swift */; };
		80AE1AB31983C23400524235 /* AppDelegate.swift in Sources */ = {isa = PBXBuildFile; fileRef = 80AE1AB21983C23400524235 /* AppDelegate.swift */; };
		80AE1AB51983C23400524235 /* MainViewController.swift in Sources */ = {isa = PBXBuildFile; fileRef = 80AE1AB41983C23400524235 /* MainViewController.swift */; };
		80AE1ABA1983C23400524235 /* Images.xcassets in Resources */ = {isa = PBXBuildFile; fileRef = 80AE1AB91983C23400524235 /* Images.xcassets */; };
		80AE1AC61983C23400524235 /* clingTests.swift in Sources */ = {isa = PBXBuildFile; fileRef = 80AE1AC51983C23400524235 /* clingTests.swift */; };
		80AE1AD01983CE5100524235 /* PreferenceViewController.swift in Sources */ = {isa = PBXBuildFile; fileRef = 80AE1ACF1983CE5100524235 /* PreferenceViewController.swift */; };
		80AE1AD21983CED300524235 /* ViewControllers.swift in Sources */ = {isa = PBXBuildFile; fileRef = 80AE1AD11983CED300524235 /* ViewControllers.swift */; };
		80AE1AD61983D2B300524235 /* cling.xcdatamodeld in Sources */ = {isa = PBXBuildFile; fileRef = 80AE1AD41983D2B300524235 /* cling.xcdatamodeld */; };
		80BFAEE219C4FC0000906999 /* BufferedWebView.swift in Sources */ = {isa = PBXBuildFile; fileRef = 80BFAEE119C4FC0000906999 /* BufferedWebView.swift */; };
/* End PBXBuildFile section */

/* Begin PBXContainerItemProxy section */
		8023A05519D47A8A009254EF /* PBXContainerItemProxy */ = {
			isa = PBXContainerItemProxy;
			containerPortal = 80AE1AA51983C23400524235 /* Project object */;
			proxyType = 1;
			remoteGlobalIDString = 8023A04C19D47A8A009254EF;
			remoteInfo = AddToClingActionExtension;
		};
		8023A05819D47A8A009254EF /* PBXContainerItemProxy */ = {
			isa = PBXContainerItemProxy;
			containerPortal = 80AE1AA51983C23400524235 /* Project object */;
			proxyType = 1;
			remoteGlobalIDString = 8023A04C19D47A8A009254EF;
			remoteInfo = AddToClingActionExtension;
		};
		80AE1AC01983C23400524235 /* PBXContainerItemProxy */ = {
			isa = PBXContainerItemProxy;
			containerPortal = 80AE1AA51983C23400524235 /* Project object */;
			proxyType = 1;
			remoteGlobalIDString = 80AE1AAC1983C23400524235;
			remoteInfo = cling;
		};
/* End PBXContainerItemProxy section */

/* Begin PBXCopyFilesBuildPhase section */
		8023A05D19D47A8A009254EF /* Embed App Extensions */ = {
			isa = PBXCopyFilesBuildPhase;
			buildActionMask = 2147483647;
			dstPath = "";
			dstSubfolderSpec = 13;
			files = (
				8023A05719D47A8A009254EF /* AddToClingActionExtension.appex in Embed App Extensions */,
			);
			name = "Embed App Extensions";
			runOnlyForDeploymentPostprocessing = 0;
		};
/* End PBXCopyFilesBuildPhase section */

/* Begin PBXFileReference section */
		2E5D63DEFF9E790F466DCAE7 /* Pods.release.xcconfig */ = {isa = PBXFileReference; includeInIndex = 1; lastKnownFileType = text.xcconfig; name = Pods.release.xcconfig; path = "Pods/Target Support Files/Pods/Pods.release.xcconfig"; sourceTree = "<group>"; };
		35824B069B7B251CFB17C303 /* Pods.debug.xcconfig */ = {isa = PBXFileReference; includeInIndex = 1; lastKnownFileType = text.xcconfig; name = Pods.debug.xcconfig; path = "Pods/Target Support Files/Pods/Pods.debug.xcconfig"; sourceTree = "<group>"; };
		800C0BDE19BDE7BD00A4FBB0 /* URLPreferenceViewModel.swift */ = {isa = PBXFileReference; fileEncoding = 4; lastKnownFileType = sourcecode.swift; path = URLPreferenceViewModel.swift; sourceTree = "<group>"; };
		800C0BE019BDEFB500A4FBB0 /* FetchedResultsChange.swift */ = {isa = PBXFileReference; fileEncoding = 4; lastKnownFileType = sourcecode.swift; path = FetchedResultsChange.swift; sourceTree = "<group>"; };
		800E8B871A7A79A500CB1D6D /* Settings.bundle */ = {isa = PBXFileReference; lastKnownFileType = "wrapper.plug-in"; name = Settings.bundle; path = cling/Settings.bundle; sourceTree = "<group>"; };
		8010176319B9E28400AE3A0D /* BufferedWebViewModel.swift */ = {isa = PBXFileReference; fileEncoding = 4; lastKnownFileType = sourcecode.swift; path = BufferedWebViewModel.swift; sourceTree = "<group>"; };
		801A6B001A8B86C0006F4B7D /* right-arrow.png */ = {isa = PBXFileReference; lastKnownFileType = image.png; name = "right-arrow.png"; path = "Images/right-arrow.png"; sourceTree = "<group>"; };
		801A6B011A8B86C0006F4B7D /* right-arrow@2x.png */ = {isa = PBXFileReference; lastKnownFileType = image.png; name = "right-arrow@2x.png"; path = "Images/right-arrow@2x.png"; sourceTree = "<group>"; };
		801A6B021A8B86C0006F4B7D /* right-arrow@3x.png */ = {isa = PBXFileReference; lastKnownFileType = image.png; name = "right-arrow@3x.png"; path = "Images/right-arrow@3x.png"; sourceTree = "<group>"; };
		801A6B061A8B87F5006F4B7D /* preference.png */ = {isa = PBXFileReference; lastKnownFileType = image.png; name = preference.png; path = Images/preference.png; sourceTree = "<group>"; };
		801A6B071A8B87F5006F4B7D /* preference@2x.png */ = {isa = PBXFileReference; lastKnownFileType = image.png; name = "preference@2x.png"; path = "Images/preference@2x.png"; sourceTree = "<group>"; };
		801A6B081A8B87F5006F4B7D /* preference@3x.png */ = {isa = PBXFileReference; lastKnownFileType = image.png; name = "preference@3x.png"; path = "Images/preference@3x.png"; sourceTree = "<group>"; };
		8023A04D19D47A8A009254EF /* AddToClingActionExtension.appex */ = {isa = PBXFileReference; explicitFileType = "wrapper.app-extension"; includeInIndex = 0; path = AddToClingActionExtension.appex; sourceTree = BUILT_PRODUCTS_DIR; };
		8023A05019D47A8A009254EF /* Info.plist */ = {isa = PBXFileReference; lastKnownFileType = text.plist.xml; path = Info.plist; sourceTree = "<group>"; };
		8023A05119D47A8A009254EF /* ActionRequestHandler.swift */ = {isa = PBXFileReference; lastKnownFileType = sourcecode.swift; path = ActionRequestHandler.swift; sourceTree = "<group>"; };
		8023A05E19D47B80009254EF /* cling.entitlements */ = {isa = PBXFileReference; lastKnownFileType = text.xml; path = cling.entitlements; sourceTree = "<group>"; };
		8023A05F19D47D91009254EF /* AddToClingActionExtension.entitlements */ = {isa = PBXFileReference; lastKnownFileType = text.xml; path = AddToClingActionExtension.entitlements; sourceTree = "<group>"; };
		803524211984FC9400F677F7 /* QuartzCore.framework */ = {isa = PBXFileReference; lastKnownFileType = wrapper.framework; name = QuartzCore.framework; path = System/Library/Frameworks/QuartzCore.framework; sourceTree = SDKROOT; };
		803A694519D746DA006C3699 /* Images.xcassets */ = {isa = PBXFileReference; lastKnownFileType = folder.assetcatalog; path = Images.xcassets; sourceTree = "<group>"; };
		8047CFEB19C1DDEE00E4AA3F /* URLEditViewController.swift */ = {isa = PBXFileReference; fileEncoding = 4; lastKnownFileType = sourcecode.swift; path = URLEditViewController.swift; sourceTree = "<group>"; };
		8047CFEF19C20EF500E4AA3F /* Page.h */ = {isa = PBXFileReference; fileEncoding = 4; lastKnownFileType = sourcecode.c.h; name = Page.h; path = Model/Page.h; sourceTree = "<group>"; };
		8047CFF019C20EF500E4AA3F /* Page.m */ = {isa = PBXFileReference; fileEncoding = 4; lastKnownFileType = sourcecode.c.objc; name = Page.m; path = Model/Page.m; sourceTree = "<group>"; };
		8047CFF219C20F4C00E4AA3F /* PageWrapper.swift */ = {isa = PBXFileReference; fileEncoding = 4; lastKnownFileType = sourcecode.swift; name = PageWrapper.swift; path = Model/PageWrapper.swift; sourceTree = "<group>"; };
		8047CFFA19CC6A5D00E4AA3F /* fontawesome-webfont.ttf */ = {isa = PBXFileReference; lastKnownFileType = file; name = "fontawesome-webfont.ttf"; path = "font/fontawesome-webfont.ttf"; sourceTree = "<group>"; };
		805FB83819CDBFC300621E93 /* en */ = {isa = PBXFileReference; lastKnownFileType = text.plist.strings; name = en; path = en.lproj/Localizable.strings; sourceTree = "<group>"; };
		805FB83A19CDBFF900621E93 /* ja */ = {isa = PBXFileReference; lastKnownFileType = text.plist.strings; name = ja; path = ja.lproj/Localizable.strings; sourceTree = "<group>"; };
		806EA20819C65E8700264ADB /* URLPreferenceViewController.swift */ = {isa = PBXFileReference; fileEncoding = 4; lastKnownFileType = sourcecode.swift; path = URLPreferenceViewController.swift; sourceTree = "<group>"; };
		806EA20A19C6688A00264ADB /* IntervalPreferenceViewController.swift */ = {isa = PBXFileReference; fileEncoding = 4; lastKnownFileType = sourcecode.swift; path = IntervalPreferenceViewController.swift; sourceTree = "<group>"; };
		806EA20C19C6C9BA00264ADB /* IntervalPreferenceViewModel.swift */ = {isa = PBXFileReference; fileEncoding = 4; lastKnownFileType = sourcecode.swift; path = IntervalPreferenceViewModel.swift; sourceTree = "<group>"; };
		80AE1AAD1983C23400524235 /* cling.app */ = {isa = PBXFileReference; explicitFileType = wrapper.application; includeInIndex = 0; path = cling.app; sourceTree = BUILT_PRODUCTS_DIR; };
		80AE1AB11983C23400524235 /* Info.plist */ = {isa = PBXFileReference; lastKnownFileType = text.plist.xml; path = Info.plist; sourceTree = "<group>"; };
		80AE1AB21983C23400524235 /* AppDelegate.swift */ = {isa = PBXFileReference; lastKnownFileType = sourcecode.swift; path = AppDelegate.swift; sourceTree = "<group>"; };
		80AE1AB41983C23400524235 /* MainViewController.swift */ = {isa = PBXFileReference; lastKnownFileType = sourcecode.swift; path = MainViewController.swift; sourceTree = "<group>"; };
		80AE1AB91983C23400524235 /* Images.xcassets */ = {isa = PBXFileReference; lastKnownFileType = folder.assetcatalog; path = Images.xcassets; sourceTree = "<group>"; };
		80AE1ABF1983C23400524235 /* clingTests.xctest */ = {isa = PBXFileReference; explicitFileType = wrapper.cfbundle; includeInIndex = 0; path = clingTests.xctest; sourceTree = BUILT_PRODUCTS_DIR; };
		80AE1AC41983C23400524235 /* Info.plist */ = {isa = PBXFileReference; lastKnownFileType = text.plist.xml; path = Info.plist; sourceTree = "<group>"; };
		80AE1AC51983C23400524235 /* clingTests.swift */ = {isa = PBXFileReference; lastKnownFileType = sourcecode.swift; path = clingTests.swift; sourceTree = "<group>"; };
		80AE1ACF1983CE5100524235 /* PreferenceViewController.swift */ = {isa = PBXFileReference; fileEncoding = 4; lastKnownFileType = sourcecode.swift; path = PreferenceViewController.swift; sourceTree = "<group>"; };
		80AE1AD11983CED300524235 /* ViewControllers.swift */ = {isa = PBXFileReference; fileEncoding = 4; lastKnownFileType = sourcecode.swift; path = ViewControllers.swift; sourceTree = "<group>"; };
		80AE1AD51983D2B300524235 /* cling.xcdatamodel */ = {isa = PBXFileReference; lastKnownFileType = wrapper.xcdatamodel; path = cling.xcdatamodel; sourceTree = "<group>"; };
		80AE1AD71983D30C00524235 /* cling-Bridging-Header.h */ = {isa = PBXFileReference; lastKnownFileType = sourcecode.c.h; path = "cling-Bridging-Header.h"; sourceTree = "<group>"; };
		80BFAEE119C4FC0000906999 /* BufferedWebView.swift */ = {isa = PBXFileReference; fileEncoding = 4; lastKnownFileType = sourcecode.swift; path = BufferedWebView.swift; sourceTree = "<group>"; };
		8A4AAD2E7C414C0FBBA8288D /* libPods.a */ = {isa = PBXFileReference; explicitFileType = archive.ar; includeInIndex = 0; path = libPods.a; sourceTree = BUILT_PRODUCTS_DIR; };
/* End PBXFileReference section */

/* Begin PBXFrameworksBuildPhase section */
		8023A04A19D47A8A009254EF /* Frameworks */ = {
			isa = PBXFrameworksBuildPhase;
			buildActionMask = 2147483647;
			files = (
			);
			runOnlyForDeploymentPostprocessing = 0;
		};
		80AE1AAA1983C23400524235 /* Frameworks */ = {
			isa = PBXFrameworksBuildPhase;
			buildActionMask = 2147483647;
			files = (
				803524221984FC9400F677F7 /* QuartzCore.framework in Frameworks */,
				6D9424D06D124BEBAF7CC97F /* libPods.a in Frameworks */,
			);
			runOnlyForDeploymentPostprocessing = 0;
		};
		80AE1ABC1983C23400524235 /* Frameworks */ = {
			isa = PBXFrameworksBuildPhase;
			buildActionMask = 2147483647;
			files = (
			);
			runOnlyForDeploymentPostprocessing = 0;
		};
/* End PBXFrameworksBuildPhase section */

/* Begin PBXGroup section */
		06D4B395FC207357A38A26D3 /* Pods */ = {
			isa = PBXGroup;
			children = (
				35824B069B7B251CFB17C303 /* Pods.debug.xcconfig */,
				2E5D63DEFF9E790F466DCAE7 /* Pods.release.xcconfig */,
			);
			name = Pods;
			sourceTree = "<group>";
		};
		801A6AFF1A8B86B4006F4B7D /* Images */ = {
			isa = PBXGroup;
			children = (
				801A6B061A8B87F5006F4B7D /* preference.png */,
				801A6B071A8B87F5006F4B7D /* preference@2x.png */,
				801A6B081A8B87F5006F4B7D /* preference@3x.png */,
				801A6B001A8B86C0006F4B7D /* right-arrow.png */,
				801A6B011A8B86C0006F4B7D /* right-arrow@2x.png */,
				801A6B021A8B86C0006F4B7D /* right-arrow@3x.png */,
			);
			name = Images;
			sourceTree = "<group>";
		};
		8023A04E19D47A8A009254EF /* AddToClingActionExtension */ = {
			isa = PBXGroup;
			children = (
				8023A05F19D47D91009254EF /* AddToClingActionExtension.entitlements */,
				8023A05119D47A8A009254EF /* ActionRequestHandler.swift */,
				8023A04F19D47A8A009254EF /* Supporting Files */,
				803A694519D746DA006C3699 /* Images.xcassets */,
			);
			path = AddToClingActionExtension;
			sourceTree = "<group>";
		};
		8023A04F19D47A8A009254EF /* Supporting Files */ = {
			isa = PBXGroup;
			children = (
				8023A05019D47A8A009254EF /* Info.plist */,
			);
			name = "Supporting Files";
			sourceTree = "<group>";
		};
		8047CFF919CC6A4100E4AA3F /* font */ = {
			isa = PBXGroup;
			children = (
				8047CFFA19CC6A5D00E4AA3F /* fontawesome-webfont.ttf */,
			);
			name = font;
			sourceTree = "<group>";
		};
		805FB83219CDBF8C00621E93 /* Resources */ = {
			isa = PBXGroup;
			children = (
				805FB83919CDBFC300621E93 /* Localizable.strings */,
			);
			name = Resources;
			sourceTree = "<group>";
		};
		80AE1AA41983C23400524235 = {
			isa = PBXGroup;
			children = (
				800E8B871A7A79A500CB1D6D /* Settings.bundle */,
				80AE1AAF1983C23400524235 /* cling */,
				80AE1AC21983C23400524235 /* clingTests */,
				8023A04E19D47A8A009254EF /* AddToClingActionExtension */,
				80AE1AAE1983C23400524235 /* Products */,
				D4897137BEB649E194BF4D38 /* Frameworks */,
				06D4B395FC207357A38A26D3 /* Pods */,
			);
			sourceTree = "<group>";
		};
		80AE1AAE1983C23400524235 /* Products */ = {
			isa = PBXGroup;
			children = (
				80AE1AAD1983C23400524235 /* cling.app */,
				80AE1ABF1983C23400524235 /* clingTests.xctest */,
				8023A04D19D47A8A009254EF /* AddToClingActionExtension.appex */,
			);
			name = Products;
			sourceTree = "<group>";
		};
		80AE1AAF1983C23400524235 /* cling */ = {
			isa = PBXGroup;
			children = (
				801A6AFF1A8B86B4006F4B7D /* Images */,
				8023A05E19D47B80009254EF /* cling.entitlements */,
				805FB83219CDBF8C00621E93 /* Resources */,
				8047CFF919CC6A4100E4AA3F /* font */,
				80AE1AD71983D30C00524235 /* cling-Bridging-Header.h */,
				80AE1AD31983D28700524235 /* Model */,
				80AE1AB21983C23400524235 /* AppDelegate.swift */,
				80AE1AB41983C23400524235 /* MainViewController.swift */,
				80BFAEE119C4FC0000906999 /* BufferedWebView.swift */,
				8010176319B9E28400AE3A0D /* BufferedWebViewModel.swift */,
				80AE1AB91983C23400524235 /* Images.xcassets */,
				80AE1AB01983C23400524235 /* Supporting Files */,
				80AE1ACF1983CE5100524235 /* PreferenceViewController.swift */,
				800C0BE019BDEFB500A4FBB0 /* FetchedResultsChange.swift */,
				80AE1AD11983CED300524235 /* ViewControllers.swift */,
				806EA20819C65E8700264ADB /* URLPreferenceViewController.swift */,
				800C0BDE19BDE7BD00A4FBB0 /* URLPreferenceViewModel.swift */,
				8047CFEB19C1DDEE00E4AA3F /* URLEditViewController.swift */,
				806EA20A19C6688A00264ADB /* IntervalPreferenceViewController.swift */,
				806EA20C19C6C9BA00264ADB /* IntervalPreferenceViewModel.swift */,
			);
			path = cling;
			sourceTree = "<group>";
		};
		80AE1AB01983C23400524235 /* Supporting Files */ = {
			isa = PBXGroup;
			children = (
				80AE1AB11983C23400524235 /* Info.plist */,
			);
			name = "Supporting Files";
			sourceTree = "<group>";
		};
		80AE1AC21983C23400524235 /* clingTests */ = {
			isa = PBXGroup;
			children = (
				80AE1AC51983C23400524235 /* clingTests.swift */,
				80AE1AC31983C23400524235 /* Supporting Files */,
			);
			path = clingTests;
			sourceTree = "<group>";
		};
		80AE1AC31983C23400524235 /* Supporting Files */ = {
			isa = PBXGroup;
			children = (
				80AE1AC41983C23400524235 /* Info.plist */,
			);
			name = "Supporting Files";
			sourceTree = "<group>";
		};
		80AE1AD31983D28700524235 /* Model */ = {
			isa = PBXGroup;
			children = (
				80AE1AD41983D2B300524235 /* cling.xcdatamodeld */,
				8047CFEF19C20EF500E4AA3F /* Page.h */,
				8047CFF019C20EF500E4AA3F /* Page.m */,
				8047CFF219C20F4C00E4AA3F /* PageWrapper.swift */,
			);
			name = Model;
			sourceTree = "<group>";
		};
		D4897137BEB649E194BF4D38 /* Frameworks */ = {
			isa = PBXGroup;
			children = (
				803524211984FC9400F677F7 /* QuartzCore.framework */,
				8A4AAD2E7C414C0FBBA8288D /* libPods.a */,
			);
			name = Frameworks;
			sourceTree = "<group>";
		};
/* End PBXGroup section */

/* Begin PBXNativeTarget section */
		8023A04C19D47A8A009254EF /* AddToClingActionExtension */ = {
			isa = PBXNativeTarget;
			buildConfigurationList = 8023A05C19D47A8A009254EF /* Build configuration list for PBXNativeTarget "AddToClingActionExtension" */;
			buildPhases = (
				8023A04919D47A8A009254EF /* Sources */,
				8023A04A19D47A8A009254EF /* Frameworks */,
				8023A04B19D47A8A009254EF /* Resources */,
			);
			buildRules = (
			);
			dependencies = (
			);
			name = AddToClingActionExtension;
			productName = AddToClingActionExtension;
			productReference = 8023A04D19D47A8A009254EF /* AddToClingActionExtension.appex */;
			productType = "com.apple.product-type.app-extension";
		};
		80AE1AAC1983C23400524235 /* cling */ = {
			isa = PBXNativeTarget;
			buildConfigurationList = 80AE1AC91983C23400524235 /* Build configuration list for PBXNativeTarget "cling" */;
			buildPhases = (
				5CA7F094B51B4916B64BAFA7 /* Check Pods Manifest.lock */,
				80AE1AA91983C23400524235 /* Sources */,
				80AE1AAA1983C23400524235 /* Frameworks */,
				80AE1AAB1983C23400524235 /* Resources */,
				4C84052109614836B49BEBF2 /* Copy Pods Resources */,
				8023A05D19D47A8A009254EF /* Embed App Extensions */,
				800E8B891A7BBEED00CB1D6D /* ShellScript */,
			);
			buildRules = (
			);
			dependencies = (
				8023A05619D47A8A009254EF /* PBXTargetDependency */,
				8023A05919D47A8A009254EF /* PBXTargetDependency */,
			);
			name = cling;
			productName = cling;
			productReference = 80AE1AAD1983C23400524235 /* cling.app */;
			productType = "com.apple.product-type.application";
		};
		80AE1ABE1983C23400524235 /* clingTests */ = {
			isa = PBXNativeTarget;
			buildConfigurationList = 80AE1ACC1983C23400524235 /* Build configuration list for PBXNativeTarget "clingTests" */;
			buildPhases = (
				80AE1ABB1983C23400524235 /* Sources */,
				80AE1ABC1983C23400524235 /* Frameworks */,
				80AE1ABD1983C23400524235 /* Resources */,
			);
			buildRules = (
			);
			dependencies = (
				80AE1AC11983C23400524235 /* PBXTargetDependency */,
			);
			name = clingTests;
			productName = clingTests;
			productReference = 80AE1ABF1983C23400524235 /* clingTests.xctest */;
			productType = "com.apple.product-type.bundle.unit-test";
		};
/* End PBXNativeTarget section */

/* Begin PBXProject section */
		80AE1AA51983C23400524235 /* Project object */ = {
			isa = PBXProject;
			attributes = {
				LastUpgradeCheck = 0600;
				ORGANIZATIONNAME = codefirst.org;
				TargetAttributes = {
					8023A04C19D47A8A009254EF = {
						CreatedOnToolsVersion = 6.0;
						DevelopmentTeam = LG7S83GR74;
						SystemCapabilities = {
							com.apple.ApplicationGroups.iOS = {
								enabled = 1;
							};
						};
					};
					80AE1AAC1983C23400524235 = {
						CreatedOnToolsVersion = 6.0;
						DevelopmentTeam = LG7S83GR74;
						SystemCapabilities = {
							com.apple.ApplicationGroups.iOS = {
								enabled = 1;
							};
						};
					};
					80AE1ABE1983C23400524235 = {
						CreatedOnToolsVersion = 6.0;
						TestTargetID = 80AE1AAC1983C23400524235;
					};
				};
			};
			buildConfigurationList = 80AE1AA81983C23400524235 /* Build configuration list for PBXProject "cling" */;
			compatibilityVersion = "Xcode 3.2";
			developmentRegion = English;
			hasScannedForEncodings = 0;
			knownRegions = (
				en,
				Base,
				ja,
			);
			mainGroup = 80AE1AA41983C23400524235;
			productRefGroup = 80AE1AAE1983C23400524235 /* Products */;
			projectDirPath = "";
			projectRoot = "";
			targets = (
				80AE1AAC1983C23400524235 /* cling */,
				80AE1ABE1983C23400524235 /* clingTests */,
				8023A04C19D47A8A009254EF /* AddToClingActionExtension */,
			);
		};
/* End PBXProject section */

/* Begin PBXResourcesBuildPhase section */
		8023A04B19D47A8A009254EF /* Resources */ = {
			isa = PBXResourcesBuildPhase;
			buildActionMask = 2147483647;
			files = (
				803A694619D746DA006C3699 /* Images.xcassets in Resources */,
			);
			runOnlyForDeploymentPostprocessing = 0;
		};
		80AE1AAB1983C23400524235 /* Resources */ = {
			isa = PBXResourcesBuildPhase;
			buildActionMask = 2147483647;
			files = (
				801A6B0B1A8B87F5006F4B7D /* preference@3x.png in Resources */,
				801A6B091A8B87F5006F4B7D /* preference.png in Resources */,
				801A6B031A8B86C0006F4B7D /* right-arrow.png in Resources */,
				800E8B881A7A79A500CB1D6D /* Settings.bundle in Resources */,
				802CAA4519D0FA610016F5B6 /* fontawesome-webfont.ttf in Resources */,
				801A6B041A8B86C0006F4B7D /* right-arrow@2x.png in Resources */,
				80AE1ABA1983C23400524235 /* Images.xcassets in Resources */,
				805FB83719CDBFC300621E93 /* Localizable.strings in Resources */,
				801A6B051A8B86C0006F4B7D /* right-arrow@3x.png in Resources */,
				801A6B0A1A8B87F5006F4B7D /* preference@2x.png in Resources */,
			);
			runOnlyForDeploymentPostprocessing = 0;
		};
		80AE1ABD1983C23400524235 /* Resources */ = {
			isa = PBXResourcesBuildPhase;
			buildActionMask = 2147483647;
			files = (
			);
			runOnlyForDeploymentPostprocessing = 0;
		};
/* End PBXResourcesBuildPhase section */

/* Begin PBXShellScriptBuildPhase section */
		4C84052109614836B49BEBF2 /* Copy Pods Resources */ = {
			isa = PBXShellScriptBuildPhase;
			buildActionMask = 2147483647;
			files = (
			);
			inputPaths = (
			);
			name = "Copy Pods Resources";
			outputPaths = (
			);
			runOnlyForDeploymentPostprocessing = 0;
			shellPath = /bin/sh;
			shellScript = "\"${SRCROOT}/Pods/Target Support Files/Pods/Pods-resources.sh\"\n";
			showEnvVarsInLog = 0;
		};
		5CA7F094B51B4916B64BAFA7 /* Check Pods Manifest.lock */ = {
			isa = PBXShellScriptBuildPhase;
			buildActionMask = 2147483647;
			files = (
			);
			inputPaths = (
			);
			name = "Check Pods Manifest.lock";
			outputPaths = (
			);
			runOnlyForDeploymentPostprocessing = 0;
			shellPath = /bin/sh;
			shellScript = "diff \"${PODS_ROOT}/../Podfile.lock\" \"${PODS_ROOT}/Manifest.lock\" > /dev/null\nif [[ $? != 0 ]] ; then\n    cat << EOM\nerror: The sandbox is not in sync with the Podfile.lock. Run 'pod install' or update your CocoaPods installation.\nEOM\n    exit 1\nfi\n";
			showEnvVarsInLog = 0;
		};
		800E8B891A7BBEED00CB1D6D /* ShellScript */ = {
			isa = PBXShellScriptBuildPhase;
			buildActionMask = 2147483647;
			files = (
			);
			inputPaths = (
			);
			outputPaths = (
			);
			runOnlyForDeploymentPostprocessing = 0;
			shellPath = /bin/sh;
			shellScript = "VERSION_NUMBER=$(/usr/libexec/PlistBuddy -c \"Print CFBundleShortVersionString\" \"$INFOPLIST_FILE\")\n/usr/libexec/PlistBuddy ${TARGET_BUILD_DIR}/${FULL_PRODUCT_NAME}/Settings.bundle/Root.plist -c \"set PreferenceSpecifiers:0:DefaultValue $VERSION_NUMBER\"\n\nBUILD_NUMBER=$(/usr/libexec/PlistBuddy -c \"Print CFBundleVersion\" \"$INFOPLIST_FILE\")\n/usr/libexec/PlistBuddy ${TARGET_BUILD_DIR}/${FULL_PRODUCT_NAME}/Settings.bundle/Root.plist -c \"Set :PreferenceSpecifiers:1:DefaultValue $BUILD_NUMBER\"";
		};
/* End PBXShellScriptBuildPhase section */

/* Begin PBXSourcesBuildPhase section */
		8023A04919D47A8A009254EF /* Sources */ = {
			isa = PBXSourcesBuildPhase;
			buildActionMask = 2147483647;
			files = (
				8023A05219D47A8A009254EF /* ActionRequestHandler.swift in Sources */,
			);
			runOnlyForDeploymentPostprocessing = 0;
		};
		80AE1AA91983C23400524235 /* Sources */ = {
			isa = PBXSourcesBuildPhase;
			buildActionMask = 2147483647;
			files = (
				8047CFF119C20EF500E4AA3F /* Page.m in Sources */,
				800C0BE119BDEFB500A4FBB0 /* FetchedResultsChange.swift in Sources */,
				806EA20D19C6C9BA00264ADB /* IntervalPreferenceViewModel.swift in Sources */,
				8047CFF319C20F4C00E4AA3F /* PageWrapper.swift in Sources */,
				80AE1AD01983CE5100524235 /* PreferenceViewController.swift in Sources */,
				80AE1AB51983C23400524235 /* MainViewController.swift in Sources */,
				80AE1AD61983D2B300524235 /* cling.xcdatamodeld in Sources */,
				8047CFEC19C1DDEE00E4AA3F /* URLEditViewController.swift in Sources */,
				800C0BDF19BDE7BE00A4FBB0 /* URLPreferenceViewModel.swift in Sources */,
				80BFAEE219C4FC0000906999 /* BufferedWebView.swift in Sources */,
				80AE1AD21983CED300524235 /* ViewControllers.swift in Sources */,
				806EA20919C65E8800264ADB /* URLPreferenceViewController.swift in Sources */,
				80AE1AB31983C23400524235 /* AppDelegate.swift in Sources */,
				806EA20B19C6688A00264ADB /* IntervalPreferenceViewController.swift in Sources */,
				8010176419B9E28400AE3A0D /* BufferedWebViewModel.swift in Sources */,
			);
			runOnlyForDeploymentPostprocessing = 0;
		};
		80AE1ABB1983C23400524235 /* Sources */ = {
			isa = PBXSourcesBuildPhase;
			buildActionMask = 2147483647;
			files = (
				80AE1AC61983C23400524235 /* clingTests.swift in Sources */,
			);
			runOnlyForDeploymentPostprocessing = 0;
		};
/* End PBXSourcesBuildPhase section */

/* Begin PBXTargetDependency section */
		8023A05619D47A8A009254EF /* PBXTargetDependency */ = {
			isa = PBXTargetDependency;
			target = 8023A04C19D47A8A009254EF /* AddToClingActionExtension */;
			targetProxy = 8023A05519D47A8A009254EF /* PBXContainerItemProxy */;
		};
		8023A05919D47A8A009254EF /* PBXTargetDependency */ = {
			isa = PBXTargetDependency;
			target = 8023A04C19D47A8A009254EF /* AddToClingActionExtension */;
			targetProxy = 8023A05819D47A8A009254EF /* PBXContainerItemProxy */;
		};
		80AE1AC11983C23400524235 /* PBXTargetDependency */ = {
			isa = PBXTargetDependency;
			target = 80AE1AAC1983C23400524235 /* cling */;
			targetProxy = 80AE1AC01983C23400524235 /* PBXContainerItemProxy */;
		};
/* End PBXTargetDependency section */

/* Begin PBXVariantGroup section */
		805FB83919CDBFC300621E93 /* Localizable.strings */ = {
			isa = PBXVariantGroup;
			children = (
				805FB83819CDBFC300621E93 /* en */,
				805FB83A19CDBFF900621E93 /* ja */,
			);
			name = Localizable.strings;
			sourceTree = "<group>";
		};
/* End PBXVariantGroup section */

/* Begin XCBuildConfiguration section */
		8023A05A19D47A8A009254EF /* Debug */ = {
			isa = XCBuildConfiguration;
			buildSettings = {
				ASSETCATALOG_COMPILER_APPICON_NAME = AppIcon;
				ASSETCATALOG_COMPILER_LAUNCHIMAGE_NAME = LaunchImage;
				CODE_SIGN_ENTITLEMENTS = AddToClingActionExtension/AddToClingActionExtension.entitlements;
				CODE_SIGN_IDENTITY = "iPhone Developer";
				"CODE_SIGN_IDENTITY[sdk=iphoneos*]" = "iPhone Developer";
				GCC_PREPROCESSOR_DEFINITIONS = (
					"DEBUG=1",
					"$(inherited)",
				);
				INFOPLIST_FILE = AddToClingActionExtension/Info.plist;
				LD_RUNPATH_SEARCH_PATHS = "$(inherited) @executable_path/Frameworks @executable_path/../../Frameworks";
				PRODUCT_NAME = "$(TARGET_NAME)";
				PROVISIONING_PROFILE = "";
				SKIP_INSTALL = YES;
			};
			name = Debug;
		};
		8023A05B19D47A8A009254EF /* Release */ = {
			isa = XCBuildConfiguration;
			buildSettings = {
				ASSETCATALOG_COMPILER_APPICON_NAME = AppIcon;
				ASSETCATALOG_COMPILER_LAUNCHIMAGE_NAME = LaunchImage;
				CODE_SIGN_ENTITLEMENTS = AddToClingActionExtension/AddToClingActionExtension.entitlements;
				CODE_SIGN_IDENTITY = "iPhone Developer";
				"CODE_SIGN_IDENTITY[sdk=iphoneos*]" = "iPhone Developer";
				INFOPLIST_FILE = AddToClingActionExtension/Info.plist;
				LD_RUNPATH_SEARCH_PATHS = "$(inherited) @executable_path/Frameworks @executable_path/../../Frameworks";
				PRODUCT_NAME = "$(TARGET_NAME)";
				PROVISIONING_PROFILE = "";
				SKIP_INSTALL = YES;
			};
			name = Release;
		};
		80AE1AC71983C23400524235 /* Debug */ = {
			isa = XCBuildConfiguration;
			buildSettings = {
				ALWAYS_SEARCH_USER_PATHS = NO;
				CLANG_CXX_LANGUAGE_STANDARD = "gnu++0x";
				CLANG_CXX_LIBRARY = "libc++";
				CLANG_ENABLE_MODULES = YES;
				CLANG_ENABLE_OBJC_ARC = YES;
				CLANG_WARN_BOOL_CONVERSION = YES;
				CLANG_WARN_CONSTANT_CONVERSION = YES;
				CLANG_WARN_DIRECT_OBJC_ISA_USAGE = YES_ERROR;
				CLANG_WARN_EMPTY_BODY = YES;
				CLANG_WARN_ENUM_CONVERSION = YES;
				CLANG_WARN_INT_CONVERSION = YES;
				CLANG_WARN_OBJC_ROOT_CLASS = YES_ERROR;
				CLANG_WARN_UNREACHABLE_CODE = YES;
				CLANG_WARN__DUPLICATE_METHOD_MATCH = YES;
				"CODE_SIGN_IDENTITY[sdk=iphoneos*]" = "iPhone Developer";
				COPY_PHASE_STRIP = NO;
				ENABLE_STRICT_OBJC_MSGSEND = YES;
				GCC_C_LANGUAGE_STANDARD = gnu99;
				GCC_DYNAMIC_NO_PIC = NO;
				GCC_OPTIMIZATION_LEVEL = 0;
				GCC_PREPROCESSOR_DEFINITIONS = (
					"DEBUG=1",
					"$(inherited)",
				);
				GCC_SYMBOLS_PRIVATE_EXTERN = NO;
				GCC_WARN_64_TO_32_BIT_CONVERSION = YES;
				GCC_WARN_ABOUT_RETURN_TYPE = YES_ERROR;
				GCC_WARN_UNDECLARED_SELECTOR = YES;
				GCC_WARN_UNINITIALIZED_AUTOS = YES_AGGRESSIVE;
				GCC_WARN_UNUSED_FUNCTION = YES;
				GCC_WARN_UNUSED_VARIABLE = YES;
				IPHONEOS_DEPLOYMENT_TARGET = 8.0;
				MTL_ENABLE_DEBUG_INFO = YES;
				ONLY_ACTIVE_ARCH = YES;
				SDKROOT = iphoneos;
				SWIFT_OPTIMIZATION_LEVEL = "-Onone";
				TARGETED_DEVICE_FAMILY = "1,2";
			};
			name = Debug;
		};
		80AE1AC81983C23400524235 /* Release */ = {
			isa = XCBuildConfiguration;
			buildSettings = {
				ALWAYS_SEARCH_USER_PATHS = NO;
				CLANG_CXX_LANGUAGE_STANDARD = "gnu++0x";
				CLANG_CXX_LIBRARY = "libc++";
				CLANG_ENABLE_MODULES = YES;
				CLANG_ENABLE_OBJC_ARC = YES;
				CLANG_WARN_BOOL_CONVERSION = YES;
				CLANG_WARN_CONSTANT_CONVERSION = YES;
				CLANG_WARN_DIRECT_OBJC_ISA_USAGE = YES_ERROR;
				CLANG_WARN_EMPTY_BODY = YES;
				CLANG_WARN_ENUM_CONVERSION = YES;
				CLANG_WARN_INT_CONVERSION = YES;
				CLANG_WARN_OBJC_ROOT_CLASS = YES_ERROR;
				CLANG_WARN_UNREACHABLE_CODE = YES;
				CLANG_WARN__DUPLICATE_METHOD_MATCH = YES;
				"CODE_SIGN_IDENTITY[sdk=iphoneos*]" = "iPhone Developer";
				COPY_PHASE_STRIP = YES;
				ENABLE_NS_ASSERTIONS = NO;
				ENABLE_STRICT_OBJC_MSGSEND = YES;
				GCC_C_LANGUAGE_STANDARD = gnu99;
				GCC_WARN_64_TO_32_BIT_CONVERSION = YES;
				GCC_WARN_ABOUT_RETURN_TYPE = YES_ERROR;
				GCC_WARN_UNDECLARED_SELECTOR = YES;
				GCC_WARN_UNINITIALIZED_AUTOS = YES_AGGRESSIVE;
				GCC_WARN_UNUSED_FUNCTION = YES;
				GCC_WARN_UNUSED_VARIABLE = YES;
				IPHONEOS_DEPLOYMENT_TARGET = 8.0;
				MTL_ENABLE_DEBUG_INFO = NO;
				SDKROOT = iphoneos;
				TARGETED_DEVICE_FAMILY = "1,2";
				VALIDATE_PRODUCT = YES;
			};
			name = Release;
		};
		80AE1ACA1983C23400524235 /* Debug */ = {
			isa = XCBuildConfiguration;
			baseConfigurationReference = 35824B069B7B251CFB17C303 /* Pods.debug.xcconfig */;
			buildSettings = {
				ASSETCATALOG_COMPILER_APPICON_NAME = AppIcon;
				ASSETCATALOG_COMPILER_LAUNCHIMAGE_NAME = LaunchImage;
				CLANG_ENABLE_MODULES = YES;
				CODE_SIGN_ENTITLEMENTS = cling/cling.entitlements;
				CODE_SIGN_IDENTITY = "iPhone Developer";
				"CODE_SIGN_IDENTITY[sdk=iphoneos*]" = "iPhone Developer";
				INFOPLIST_FILE = cling/Info.plist;
				IPHONEOS_DEPLOYMENT_TARGET = 7.0;
				LD_RUNPATH_SEARCH_PATHS = "$(inherited) @executable_path/Frameworks";
				PRODUCT_NAME = "$(TARGET_NAME)";
				PROVISIONING_PROFILE = "";
				SWIFT_OBJC_BRIDGING_HEADER = "cling/cling-Bridging-Header.h";
				SWIFT_OPTIMIZATION_LEVEL = "-Onone";
			};
			name = Debug;
		};
		80AE1ACB1983C23400524235 /* Release */ = {
			isa = XCBuildConfiguration;
			baseConfigurationReference = 2E5D63DEFF9E790F466DCAE7 /* Pods.release.xcconfig */;
			buildSettings = {
				ASSETCATALOG_COMPILER_APPICON_NAME = AppIcon;
				ASSETCATALOG_COMPILER_LAUNCHIMAGE_NAME = LaunchImage;
				CLANG_ENABLE_MODULES = YES;
				CODE_SIGN_ENTITLEMENTS = cling/cling.entitlements;
				CODE_SIGN_IDENTITY = "iPhone Developer";
				"CODE_SIGN_IDENTITY[sdk=iphoneos*]" = "iPhone Developer";
				INFOPLIST_FILE = cling/Info.plist;
				IPHONEOS_DEPLOYMENT_TARGET = 7.0;
				LD_RUNPATH_SEARCH_PATHS = "$(inherited) @executable_path/Frameworks";
				PRODUCT_NAME = "$(TARGET_NAME)";
				PROVISIONING_PROFILE = "";
				SWIFT_OBJC_BRIDGING_HEADER = "cling/cling-Bridging-Header.h";
			};
			name = Release;
		};
		80AE1ACD1983C23400524235 /* Debug */ = {
			isa = XCBuildConfiguration;
			buildSettings = {
				BUNDLE_LOADER = "$(BUILT_PRODUCTS_DIR)/cling.app/cling";
				FRAMEWORK_SEARCH_PATHS = (
					"$(SDKROOT)/Developer/Library/Frameworks",
					"$(inherited)",
				);
				GCC_PREPROCESSOR_DEFINITIONS = (
					"DEBUG=1",
					"$(inherited)",
				);
				INFOPLIST_FILE = clingTests/Info.plist;
				LD_RUNPATH_SEARCH_PATHS = "$(inherited) @executable_path/Frameworks @loader_path/Frameworks";
				PRODUCT_NAME = "$(TARGET_NAME)";
				TEST_HOST = "$(BUNDLE_LOADER)";
			};
			name = Debug;
		};
		80AE1ACE1983C23400524235 /* Release */ = {
			isa = XCBuildConfiguration;
			buildSettings = {
				BUNDLE_LOADER = "$(BUILT_PRODUCTS_DIR)/cling.app/cling";
				FRAMEWORK_SEARCH_PATHS = (
					"$(SDKROOT)/Developer/Library/Frameworks",
					"$(inherited)",
				);
				INFOPLIST_FILE = clingTests/Info.plist;
				LD_RUNPATH_SEARCH_PATHS = "$(inherited) @executable_path/Frameworks @loader_path/Frameworks";
				PRODUCT_NAME = "$(TARGET_NAME)";
				TEST_HOST = "$(BUNDLE_LOADER)";
			};
			name = Release;
		};
/* End XCBuildConfiguration section */

/* Begin XCConfigurationList section */
		8023A05C19D47A8A009254EF /* Build configuration list for PBXNativeTarget "AddToClingActionExtension" */ = {
			isa = XCConfigurationList;
			buildConfigurations = (
				8023A05A19D47A8A009254EF /* Debug */,
				8023A05B19D47A8A009254EF /* Release */,
			);
			defaultConfigurationIsVisible = 0;
			defaultConfigurationName = Release;
		};
		80AE1AA81983C23400524235 /* Build configuration list for PBXProject "cling" */ = {
			isa = XCConfigurationList;
			buildConfigurations = (
				80AE1AC71983C23400524235 /* Debug */,
				80AE1AC81983C23400524235 /* Release */,
			);
			defaultConfigurationIsVisible = 0;
			defaultConfigurationName = Release;
		};
		80AE1AC91983C23400524235 /* Build configuration list for PBXNativeTarget "cling" */ = {
			isa = XCConfigurationList;
			buildConfigurations = (
				80AE1ACA1983C23400524235 /* Debug */,
				80AE1ACB1983C23400524235 /* Release */,
			);
			defaultConfigurationIsVisible = 0;
			defaultConfigurationName = Release;
		};
		80AE1ACC1983C23400524235 /* Build configuration list for PBXNativeTarget "clingTests" */ = {
			isa = XCConfigurationList;
			buildConfigurations = (
				80AE1ACD1983C23400524235 /* Debug */,
				80AE1ACE1983C23400524235 /* Release */,
			);
			defaultConfigurationIsVisible = 0;
			defaultConfigurationName = Release;
		};
/* End XCConfigurationList section */

/* Begin XCVersionGroup section */
		80AE1AD41983D2B300524235 /* cling.xcdatamodeld */ = {
			isa = XCVersionGroup;
			children = (
				80AE1AD51983D2B300524235 /* cling.xcdatamodel */,
			);
			currentVersion = 80AE1AD51983D2B300524235 /* cling.xcdatamodel */;
			name = cling.xcdatamodeld;
			path = Model/cling.xcdatamodeld;
			sourceTree = "<group>";
			versionGroupType = wrapper.xcdatamodel;
		};
/* End XCVersionGroup section */
	};
	rootObject = 80AE1AA51983C23400524235 /* Project object */;
}
